github.com/diamondburned/gotk4 v0.0.5-0.20230307040258-11b1a9e5d327 h1:W8VUWKOCwsWbIjmva4VnijYgYzpatwsFV3Pqt8SFRok=
github.com/diamondburned/gotk4 v0.0.5-0.20230307040258-11b1a9e5d327/go.mod h1:9hxaIotfin2jWlJxPUY1lRdslPPqhZ3OPJWatywKCh4=
github.com/diamondburned/gotk4/pkg v0.0.4 h1:WEYj7QfGHZvuXAc+cb7EixGpjPYAQSQL5WBRNMfNf1Q=
github.com/diamondburned/gotk4/pkg v0.0.4/go.mod h1:DdFIIgGetfZf4ZQJkdQTYNcrIBPO8DEvVNIJgzGjWEE=
go4.org/unsafe/assume-no-moving-gc v0.0.0-20220617031537-928513b29760 h1:FyBZqvoA/jbNzuAWLQE2kG820zMAkcilx6BMjGbL/E4=
go4.org/unsafe/assume-no-moving-gc v0.0.0-20220617031537-928513b29760/go.mod h1:FftLjUGFEDu5k8lt0ddY+HcrH/qU/0qk+H8j9/nTl3E=
go4.org/unsafe/assume-no-moving-gc v0.0.0-20230221090011-e4bae7ad2296 h1:QJ/xcIANMLApehfgPCHnfK1hZiaMmbaTVmPv7DAoTbo=
go4.org/unsafe/assume-no-moving-gc v0.0.0-20230221090011-e4bae7ad2296/go.mod h1:FftLjUGFEDu5k8lt0ddY+HcrH/qU/0qk+H8j9/nTl3E=
golang.org/x/sync v0.0.0-20210220032951-036812b2e83c h1:5KslGYwFpkhGh+Q16bwMP3cOontH8FOep7tGV86Y7SQ=
golang.org/x/sync v0.0.0-20210220032951-036812b2e83c/go.mod h1:RxMgew5VJxzue5/jJTE5uejpjVlOe/izrB70Jof72aM=
